
Microsoft Visual Studio Solution File, Format Version 12.00
# Visual Studio 14
VisualStudioVersion = 14.0.25420.1
MinimumVisualStudioVersion = 10.0.40219.1
Project("{FAE04EC0-301F-11D3-BF4B-00C04F79EFBC}") = "TextEditor_Project", "TextEditor_Project\TextEditor_Project.csproj", "{64CFFC7E-86C6-438D-B095-96F2A1720292}"
EndProject
Project("{FAE04EC0-301F-11D3-BF4B-00C04F79EFBC}") = "TextEditor_Library", "TextEditor_Library\TextEditor_Library.csproj", "{FD413019-06AF-4C0D-ACF6-63A9BFC7D9DF}"
EndProject
Global
	GlobalSection(SolutionConfigurationPlatforms) = preSolution
		Debug|Any CPU = Debug|Any CPU
		Release|Any CPU = Release|Any CPU
	EndGlobalSection
	GlobalSection(ProjectConfigurationPlatforms) = postSolution
		{64CFFC7E-86C6-438D-B095-96F2A1720292}.Debug|Any CPU.ActiveCfg = Debug|Any CPU
		{64CFFC7E-86C6-438D-B095-96F2A1720292}.Debug|Any CPU.Build.0 = Debug|Any CPU
		{64CFFC7E-86C6-438D-B095-96F2A1720292}.Release|Any CPU.ActiveCfg = Release|Any CPU
		{64CFFC7E-86C6-438D-B095-96F2A1720292}.Release|Any CPU.Build.0 = Release|Any CPU
		{FD413019-06AF-4C0D-ACF6-63A9BFC7D9DF}.Debug|Any CPU.ActiveCfg = Debug|Any CPU
		{FD413019-06AF-4C0D-ACF6-63A9BFC7D9DF}.Debug|Any CPU.Build.0 = Debug|Any CPU
		{FD413019-06AF-4C0D-ACF6-63A9BFC7D9DF}.Release|Any CPU.ActiveCfg = Release|Any CPU
		{FD413019-06AF-4C0D-ACF6-63A9BFC7D9DF}.Release|Any CPU.Build.0 = Release|Any CPU
	EndGlobalSection
	GlobalSection(SolutionProperties) = preSolution
		HideSolutionNode = FALSE
	EndGlobalSection
EndGlobal
